
Microsoft Visual Studio Solution File, Format Version 12.00
# Visual Studio Version 17
VisualStudioVersion = 17.6.33801.468
MinimumVisualStudioVersion = 10.0.40219.1
Project("{FAE04EC0-301F-11D3-BF4B-00C04F79EFBC}") = "Shapes", "Shapes\Shapes.csproj", "{31589282-900F-452D-B348-FEBFD251E170}"
EndProject
Project("{FAE04EC0-301F-11D3-BF4B-00C04F79EFBC}") = "Cars", "Cars\Cars.csproj", "{5374FD60-5822-40C9-95AE-6A5F3950C4C1}"
EndProject
Global
	GlobalSection(SolutionConfigurationPlatforms) = preSolution
		Debug|Any CPU = Debug|Any CPU
		Release|Any CPU = Release|Any CPU
	EndGlobalSection
	GlobalSection(ProjectConfigurationPlatforms) = postSolution
		{31589282-900F-452D-B348-FEBFD251E170}.Debug|Any CPU.ActiveCfg = Debug|Any CPU
		{31589282-900F-452D-B348-FEBFD251E170}.Debug|Any CPU.Build.0 = Debug|Any CPU
		{31589282-900F-452D-B348-FEBFD251E170}.Release|Any CPU.ActiveCfg = Release|Any CPU
		{31589282-900F-452D-B348-FEBFD251E170}.Release|Any CPU.Build.0 = Release|Any CPU
		{5374FD60-5822-40C9-95AE-6A5F3950C4C1}.Debug|Any CPU.ActiveCfg = Debug|Any CPU
		{5374FD60-5822-40C9-95AE-6A5F3950C4C1}.Debug|Any CPU.Build.0 = Debug|Any CPU
		{5374FD60-5822-40C9-95AE-6A5F3950C4C1}.Release|Any CPU.ActiveCfg = Release|Any CPU
		{5374FD60-5822-40C9-95AE-6A5F3950C4C1}.Release|Any CPU.Build.0 = Release|Any CPU
	EndGlobalSection
	GlobalSection(SolutionProperties) = preSolution
		HideSolutionNode = FALSE
	EndGlobalSection
	GlobalSection(ExtensibilityGlobals) = postSolution
		SolutionGuid = {98959134-4005-47C0-9041-FD82064C8C9F}
	EndGlobalSection
EndGlobal
